# This file was autogenerated by Stack.
# You should not edit this file by hand.
# For more information, please see the documentation at:
#   https://docs.haskellstack.org/en/stable/lock_files

packages:
- completed:
    hackage: language-glsl-0.3.0@sha256:85c1e7bf2cf5d6e604b7a2899c27e2935033425944db200798e57849e64d4c81,1636
    pantry-tree:
      size: 582
      sha256: 64800d879b2d864171f72a7a717883540a0607d2d5ffb3be3378299fa80fdce5
  original:
    hackage: language-glsl-0.3.0
- completed:
    hackage: timeout-0.1.1@sha256:56c1d3321d7139d1f7ebf04d46c95d3a3f1c8c9e0f15666ae3ccd6bae6204b6e,1427
    pantry-tree:
      size: 437
      sha256: e571503d7e609c3fe496de7e858613360bfa6c06e20ac57d9659bd32d0645889
  original:
    hackage: timeout-0.1.1@sha256:56c1d3321d7139d1f7ebf04d46c95d3a3f1c8c9e0f15666ae3ccd6bae6204b6e,1427
- completed:
    hackage: regex-posix-clib-2.7@sha256:998fca06da3d719818f0691ef0b8b9b7375afeea228cb08bd9e2db53f96b0cd7,1232
    pantry-tree:
      size: 524
      sha256: 5bf20952472d930323766d250f5fbbe3fe6f2cd3d931e5cf7b62a238ab2099ff
  original:
    hackage: regex-posix-clib-2.7
snapshots:
- completed:
    size: 563103
    url: https://raw.githubusercontent.com/commercialhaskell/stackage-snapshots/master/lts/17/4.yaml
    sha256: f11e2153044f5f71ea7b1c9398f4721f517c9bd37642ed769647b896564021f3
  original: lts-17.4
