# This file was autogenerated by Stack.
# You should not edit this file by hand.
# For more information, please see the documentation at:
#   https://docs.haskellstack.org/en/stable/lock_files

packages:
- completed:
    hackage: language-glsl-0.3.0@sha256:85c1e7bf2cf5d6e604b7a2899c27e2935033425944db200798e57849e64d4c81,1636
    pantry-tree:
      size: 582
      sha256: 64800d879b2d864171f72a7a717883540a0607d2d5ffb3be3378299fa80fdce5
  original:
    hackage: language-glsl-0.3.0
- completed:
    hackage: network-2.6.3.6@sha256:1ca79d81af02d7acd6032d5e6c9bde4618a8fdcfbe19bd42b49d420183975df0,2666
    pantry-tree:
      size: 2254
      sha256: 56285baa11d679521837e1f41311a1aeafa522e7637d408d3decd99c083edba1
  original:
    hackage: network-2.6.3.6@sha256:1ca79d81af02d7acd6032d5e6c9bde4618a8fdcfbe19bd42b49d420183975df0,2666
- completed:
    hackage: broadcast-chan-0.2.1@sha256:44add065c6b654a4677a9d77033977063c5cc596173b798bd56e4b88ae23e71e,6128
    pantry-tree:
      size: 755
      sha256: 20c61679c2789457b146c4f79ec1583377a031282cb56a82ca00fe89b53a2cf2
  original:
    hackage: broadcast-chan-0.2.1@sha256:44add065c6b654a4677a9d77033977063c5cc596173b798bd56e4b88ae23e71e,6128
- completed:
    hackage: regex-posix-clib-2.7@sha256:998fca06da3d719818f0691ef0b8b9b7375afeea228cb08bd9e2db53f96b0cd7,1232
    pantry-tree:
      size: 524
      sha256: 5bf20952472d930323766d250f5fbbe3fe6f2cd3d931e5cf7b62a238ab2099ff
  original:
    hackage: regex-posix-clib-2.7
snapshots:
- completed:
    size: 532414
    url: https://raw.githubusercontent.com/commercialhaskell/stackage-snapshots/master/lts/16/22.yaml
    sha256: e483fb88549fc0f454c190979bf35ac91c7aceff2c0e71e7d8edd11842d772d8
  original: lts-16.22
